
Microsoft Visual Studio Solution File, Format Version 12.00
# Visual Studio 15
VisualStudioVersion = 15.0.27004.2009
MinimumVisualStudioVersion = 10.0.40219.1
Project("{FAE04EC0-301F-11D3-BF4B-00C04F79EFBC}") = "TractionAir", "TractionAir\TractionAir.csproj", "{38805AC6-DCBD-4777-BA64-3ADBBA3EDFEE}"
EndProject
Global
	GlobalSection(SolutionConfigurationPlatforms) = preSolution
		Debug|Any CPU = Debug|Any CPU
		NewRelease|Any CPU = NewRelease|Any CPU
		Release|Any CPU = Release|Any CPU
	EndGlobalSection
	GlobalSection(ProjectConfigurationPlatforms) = postSolution
		{38805AC6-DCBD-4777-BA64-3ADBBA3EDFEE}.Debug|Any CPU.ActiveCfg = Debug|Any CPU
		{38805AC6-DCBD-4777-BA64-3ADBBA3EDFEE}.Debug|Any CPU.Build.0 = Debug|Any CPU
		{38805AC6-DCBD-4777-BA64-3ADBBA3EDFEE}.NewRelease|Any CPU.ActiveCfg = Release|Any CPU
		{38805AC6-DCBD-4777-BA64-3ADBBA3EDFEE}.NewRelease|Any CPU.Build.0 = Release|Any CPU
		{38805AC6-DCBD-4777-BA64-3ADBBA3EDFEE}.Release|Any CPU.ActiveCfg = Release|Any CPU
		{38805AC6-DCBD-4777-BA64-3ADBBA3EDFEE}.Release|Any CPU.Build.0 = Release|Any CPU
	EndGlobalSection
	GlobalSection(SolutionProperties) = preSolution
		HideSolutionNode = FALSE
	EndGlobalSection
	GlobalSection(ExtensibilityGlobals) = postSolution
		SolutionGuid = {4F6596A4-0423-43AC-BA76-EE8E395CE26C}
	EndGlobalSection
EndGlobal
